// !$*UTF8*$!
{
	archiveVersion = 1;
	classes = {
	};
	objectVersion = 46;
	objects = {

/* Begin PBXBuildFile section */
		F2C374E51A47C5A900AFEFD0 /* main.m in Sources */ = {isa = PBXBuildFile; fileRef = F2C374E41A47C5A900AFEFD0 /* main.m */; };
		F2C374E81A47C5AA00AFEFD0 /* AppDelegate.m in Sources */ = {isa = PBXBuildFile; fileRef = F2C374E71A47C5AA00AFEFD0 /* AppDelegate.m */; };
		F2C374EB1A47C5AA00AFEFD0 /* ViewController.m in Sources */ = {isa = PBXBuildFile; fileRef = F2C374EA1A47C5AA00AFEFD0 /* ViewController.m */; };
		F2C374EE1A47C5AA00AFEFD0 /* Main.storyboard in Resources */ = {isa = PBXBuildFile; fileRef = F2C374EC1A47C5AA00AFEFD0 /* Main.storyboard */; };
		F2C374F01A47C5AA00AFEFD0 /* Images.xcassets in Resources */ = {isa = PBXBuildFile; fileRef = F2C374EF1A47C5AA00AFEFD0 /* Images.xcassets */; };
		F2C374F31A47C5AA00AFEFD0 /* LaunchScreen.xib in Resources */ = {isa = PBXBuildFile; fileRef = F2C374F11A47C5AA00AFEFD0 /* LaunchScreen.xib */; };
		F2C374FF1A47C5AA00AFEFD0 /* iOSEcoshionTests.m in Sources */ = {isa = PBXBuildFile; fileRef = F2C374FE1A47C5AA00AFEFD0 /* iOSEcoshionTests.m */; };
/* End PBXBuildFile section */

/* Begin PBXContainerItemProxy section */
		F2C374F91A47C5AA00AFEFD0 /* PBXContainerItemProxy */ = {
			isa = PBXContainerItemProxy;
			containerPortal = F2C374D71A47C5A900AFEFD0 /* Project object */;
			proxyType = 1;
			remoteGlobalIDString = F2C374DE1A47C5A900AFEFD0;
			remoteInfo = iOSEcoshion;
		};
/* End PBXContainerItemProxy section */

/* Begin PBXFileReference section */
		F2C374DF1A47C5A900AFEFD0 /* iOSEcoshion.app */ = {isa = PBXFileReference; explicitFileType = wrapper.application; includeInIndex = 0; path = iOSEcoshion.app; sourceTree = BUILT_PRODUCTS_DIR; };
		F2C374E31A47C5A900AFEFD0 /* Info.plist */ = {isa = PBXFileReference; lastKnownFileType = text.plist.xml; path = Info.plist; sourceTree = "<group>"; };
		F2C374E41A47C5A900AFEFD0 /* main.m */ = {isa = PBXFileReference; lastKnownFileType = sourcecode.c.objc; path = main.m; sourceTree = "<group>"; };
		F2C374E61A47C5A900AFEFD0 /* AppDelegate.h */ = {isa = PBXFileReference; lastKnownFileType = sourcecode.c.h; path = AppDelegate.h; sourceTree = "<group>"; };
		F2C374E71A47C5AA00AFEFD0 /* AppDelegate.m */ = {isa = PBXFileReference; lastKnownFileType = sourcecode.c.objc; path = AppDelegate.m; sourceTree = "<group>"; };
		F2C374E91A47C5AA00AFEFD0 /* ViewController.h */ = {isa = PBXFileReference; lastKnownFileType = sourcecode.c.h; path = ViewController.h; sourceTree = "<group>"; };
		F2C374EA1A47C5AA00AFEFD0 /* ViewController.m */ = {isa = PBXFileReference; lastKnownFileType = sourcecode.c.objc; path = ViewController.m; sourceTree = "<group>"; };
		F2C374ED1A47C5AA00AFEFD0 /* Base */ = {isa = PBXFileReference; lastKnownFileType = file.storyboard; name = Base; path = Base.lproj/Main.storyboard; sourceTree = "<group>"; };
		F2C374EF1A47C5AA00AFEFD0 /* Images.xcassets */ = {isa = PBXFileReference; lastKnownFileType = folder.assetcatalog; path = Images.xcassets; sourceTree = "<group>"; };
		F2C374F21A47C5AA00AFEFD0 /* Base */ = {isa = PBXFileReference; lastKnownFileType = file.xib; name = Base; path = Base.lproj/LaunchScreen.xib; sourceTree = "<group>"; };
		F2C374F81A47C5AA00AFEFD0 /* iOSEcoshionTests.xctest */ = {isa = PBXFileReference; explicitFileType = wrapper.cfbundle; includeInIndex = 0; path = iOSEcoshionTests.xctest; sourceTree = BUILT_PRODUCTS_DIR; };
		F2C374FD1A47C5AA00AFEFD0 /* Info.plist */ = {isa = PBXFileReference; lastKnownFileType = text.plist.xml; path = Info.plist; sourceTree = "<group>"; };
		F2C374FE1A47C5AA00AFEFD0 /* iOSEcoshionTests.m */ = {isa = PBXFileReference; lastKnownFileType = sourcecode.c.objc; path = iOSEcoshionTests.m; sourceTree = "<group>"; };
/* End PBXFileReference section */

/* Begin PBXFrameworksBuildPhase section */
		F2C374DC1A47C5A900AFEFD0 /* Frameworks */ = {
			isa = PBXFrameworksBuildPhase;
			buildActionMask = 2147483647;
			files = (
			);
			runOnlyForDeploymentPostprocessing = 0;
		};
		F2C374F51A47C5AA00AFEFD0 /* Frameworks */ = {
			isa = PBXFrameworksBuildPhase;
			buildActionMask = 2147483647;
			files = (
			);
			runOnlyForDeploymentPostprocessing = 0;
		};
/* End PBXFrameworksBuildPhase section */

/* Begin PBXGroup section */
		F2C374D61A47C5A900AFEFD0 = {
			isa = PBXGroup;
			children = (
				F2C374E11A47C5A900AFEFD0 /* iOSEcoshion */,
				F2C374FB1A47C5AA00AFEFD0 /* iOSEcoshionTests */,
				F2C374E01A47C5A900AFEFD0 /* Products */,
			);
			sourceTree = "<group>";
		};
		F2C374E01A47C5A900AFEFD0 /* Products */ = {
			isa = PBXGroup;
			children = (
				F2C374DF1A47C5A900AFEFD0 /* iOSEcoshion.app */,
				F2C374F81A47C5AA00AFEFD0 /* iOSEcoshionTests.xctest */,
			);
			name = Products;
			sourceTree = "<group>";
		};
		F2C374E11A47C5A900AFEFD0 /* iOSEcoshion */ = {
			isa = PBXGroup;
			children = (
				F2C374E61A47C5A900AFEFD0 /* AppDelegate.h */,
				F2C374E71A47C5AA00AFEFD0 /* AppDelegate.m */,
				F2C374E91A47C5AA00AFEFD0 /* ViewController.h */,
				F2C374EA1A47C5AA00AFEFD0 /* ViewController.m */,
				F2C374EC1A47C5AA00AFEFD0 /* Main.storyboard */,
				F2C374EF1A47C5AA00AFEFD0 /* Images.xcassets */,
				F2C374F11A47C5AA00AFEFD0 /* LaunchScreen.xib */,
				F2C374E21A47C5A900AFEFD0 /* Supporting Files */,
			);
			path = iOSEcoshion;
			sourceTree = "<group>";
		};
		F2C374E21A47C5A900AFEFD0 /* Supporting Files */ = {
			isa = PBXGroup;
			children = (
				F2C374E31A47C5A900AFEFD0 /* Info.plist */,
				F2C374E41A47C5A900AFEFD0 /* main.m */,
			);
			name = "Supporting Files";
			sourceTree = "<group>";
		};
		F2C374FB1A47C5AA00AFEFD0 /* iOSEcoshionTests */ = {
			isa = PBXGroup;
			children = (
				F2C374FE1A47C5AA00AFEFD0 /* iOSEcoshionTests.m */,
				F2C374FC1A47C5AA00AFEFD0 /* Supporting Files */,
			);
			path = iOSEcoshionTests;
			sourceTree = "<group>";
		};
		F2C374FC1A47C5AA00AFEFD0 /* Supporting Files */ = {
			isa = PBXGroup;
			children = (
				F2C374FD1A47C5AA00AFEFD0 /* Info.plist */,
			);
			name = "Supporting Files";
			sourceTree = "<group>";
		};
/* End PBXGroup section */

/* Begin PBXNativeTarget section */
		F2C374DE1A47C5A900AFEFD0 /* iOSEcoshion */ = {
			isa = PBXNativeTarget;
			buildConfigurationList = F2C375021A47C5AA00AFEFD0 /* Build configuration list for PBXNativeTarget "iOSEcoshion" */;
			buildPhases = (
				F2C374DB1A47C5A900AFEFD0 /* Sources */,
				F2C374DC1A47C5A900AFEFD0 /* Frameworks */,
				F2C374DD1A47C5A900AFEFD0 /* Resources */,
			);
			buildRules = (
			);
			dependencies = (
			);
			name = iOSEcoshion;
			productName = iOSEcoshion;
			productReference = F2C374DF1A47C5A900AFEFD0 /* iOSEcoshion.app */;
			productType = "com.apple.product-type.application";
		};
		F2C374F71A47C5AA00AFEFD0 /* iOSEcoshionTests */ = {
			isa = PBXNativeTarget;
			buildConfigurationList = F2C375051A47C5AA00AFEFD0 /* Build configuration list for PBXNativeTarget "iOSEcoshionTests" */;
			buildPhases = (
				F2C374F41A47C5AA00AFEFD0 /* Sources */,
				F2C374F51A47C5AA00AFEFD0 /* Frameworks */,
				F2C374F61A47C5AA00AFEFD0 /* Resources */,
			);
			buildRules = (
			);
			dependencies = (
				F2C374FA1A47C5AA00AFEFD0 /* PBXTargetDependency */,
			);
			name = iOSEcoshionTests;
			productName = iOSEcoshionTests;
			productReference = F2C374F81A47C5AA00AFEFD0 /* iOSEcoshionTests.xctest */;
			productType = "com.apple.product-type.bundle.unit-test";
		};
/* End PBXNativeTarget section */

/* Begin PBXProject section */
		F2C374D71A47C5A900AFEFD0 /* Project object */ = {
			isa = PBXProject;
			attributes = {
				LastUpgradeCheck = 0610;
				ORGANIZATIONNAME = ChaseFuture;
				TargetAttributes = {
					F2C374DE1A47C5A900AFEFD0 = {
						CreatedOnToolsVersion = 6.1;
					};
					F2C374F71A47C5AA00AFEFD0 = {
						CreatedOnToolsVersion = 6.1;
						TestTargetID = F2C374DE1A47C5A900AFEFD0;
					};
				};
			};
			buildConfigurationList = F2C374DA1A47C5A900AFEFD0 /* Build configuration list for PBXProject "iOSEcoshion" */;
			compatibilityVersion = "Xcode 3.2";
			developmentRegion = English;
			hasScannedForEncodings = 0;
			knownRegions = (
				en,
				Base,
			);
			mainGroup = F2C374D61A47C5A900AFEFD0;
			productRefGroup = F2C374E01A47C5A900AFEFD0 /* Products */;
			projectDirPath = "";
			projectRoot = "";
			targets = (
				F2C374DE1A47C5A900AFEFD0 /* iOSEcoshion */,
				F2C374F71A47C5AA00AFEFD0 /* iOSEcoshionTests */,
			);
		};
/* End PBXProject section */

/* Begin PBXResourcesBuildPhase section */
		F2C374DD1A47C5A900AFEFD0 /* Resources */ = {
			isa = PBXResourcesBuildPhase;
			buildActionMask = 2147483647;
			files = (
				F2C374EE1A47C5AA00AFEFD0 /* Main.storyboard in Resources */,
				F2C374F31A47C5AA00AFEFD0 /* LaunchScreen.xib in Resources */,
				F2C374F01A47C5AA00AFEFD0 /* Images.xcassets in Resources */,
			);
			runOnlyForDeploymentPostprocessing = 0;
		};
		F2C374F61A47C5AA00AFEFD0 /* Resources */ = {
			isa = PBXResourcesBuildPhase;
			buildActionMask = 2147483647;
			files = (
			);
			runOnlyForDeploymentPostprocessing = 0;
		};
/* End PBXResourcesBuildPhase section */

/* Begin PBXSourcesBuildPhase section */
		F2C374DB1A47C5A900AFEFD0 /* Sources */ = {
			isa = PBXSourcesBuildPhase;
			buildActionMask = 2147483647;
			files = (
				F2C374EB1A47C5AA00AFEFD0 /* ViewController.m in Sources */,
				F2C374E81A47C5AA00AFEFD0 /* AppDelegate.m in Sources */,
				F2C374E51A47C5A900AFEFD0 /* main.m in Sources */,
			);
			runOnlyForDeploymentPostprocessing = 0;
		};
		F2C374F41A47C5AA00AFEFD0 /* Sources */ = {
			isa = PBXSourcesBuildPhase;
			buildActionMask = 2147483647;
			files = (
				F2C374FF1A47C5AA00AFEFD0 /* iOSEcoshionTests.m in Sources */,
			);
			runOnlyForDeploymentPostprocessing = 0;
		};
/* End PBXSourcesBuildPhase section */

/* Begin PBXTargetDependency section */
		F2C374FA1A47C5AA00AFEFD0 /* PBXTargetDependency */ = {
			isa = PBXTargetDependency;
			target = F2C374DE1A47C5A900AFEFD0 /* iOSEcoshion */;
			targetProxy = F2C374F91A47C5AA00AFEFD0 /* PBXContainerItemProxy */;
		};
/* End PBXTargetDependency section */

/* Begin PBXVariantGroup section */
		F2C374EC1A47C5AA00AFEFD0 /* Main.storyboard */ = {
			isa = PBXVariantGroup;
			children = (
				F2C374ED1A47C5AA00AFEFD0 /* Base */,
			);
			name = Main.storyboard;
			sourceTree = "<group>";
		};
		F2C374F11A47C5AA00AFEFD0 /* LaunchScreen.xib */ = {
			isa = PBXVariantGroup;
			children = (
				F2C374F21A47C5AA00AFEFD0 /* Base */,
			);
			name = LaunchScreen.xib;
			sourceTree = "<group>";
		};
/* End PBXVariantGroup section */

/* Begin XCBuildConfiguration section */
		F2C375001A47C5AA00AFEFD0 /* Debug */ = {
			isa = XCBuildConfiguration;
			buildSettings = {
				ALWAYS_SEARCH_USER_PATHS = NO;
				CLANG_CXX_LANGUAGE_STANDARD = "gnu++0x";
				CLANG_CXX_LIBRARY = "libc++";
				CLANG_ENABLE_MODULES = YES;
				CLANG_ENABLE_OBJC_ARC = YES;
				CLANG_WARN_BOOL_CONVERSION = YES;
				CLANG_WARN_CONSTANT_CONVERSION = YES;
				CLANG_WARN_DIRECT_OBJC_ISA_USAGE = YES_ERROR;
				CLANG_WARN_EMPTY_BODY = YES;
				CLANG_WARN_ENUM_CONVERSION = YES;
				CLANG_WARN_INT_CONVERSION = YES;
				CLANG_WARN_OBJC_ROOT_CLASS = YES_ERROR;
				CLANG_WARN_UNREACHABLE_CODE = YES;
				CLANG_WARN__DUPLICATE_METHOD_MATCH = YES;
				"CODE_SIGN_IDENTITY[sdk=iphoneos*]" = "iPhone Developer";
				COPY_PHASE_STRIP = NO;
				ENABLE_STRICT_OBJC_MSGSEND = YES;
				GCC_C_LANGUAGE_STANDARD = gnu99;
				GCC_DYNAMIC_NO_PIC = NO;
				GCC_OPTIMIZATION_LEVEL = 0;
				GCC_PREPROCESSOR_DEFINITIONS = (
					"DEBUG=1",
					"$(inherited)",
				);
				GCC_SYMBOLS_PRIVATE_EXTERN = NO;
				GCC_WARN_64_TO_32_BIT_CONVERSION = YES;
				GCC_WARN_ABOUT_RETURN_TYPE = YES_ERROR;
				GCC_WARN_UNDECLARED_SELECTOR = YES;
				GCC_WARN_UNINITIALIZED_AUTOS = YES_AGGRESSIVE;
				GCC_WARN_UNUSED_FUNCTION = YES;
				GCC_WARN_UNUSED_VARIABLE = YES;
				IPHONEOS_DEPLOYMENT_TARGET = 8.1;
				MTL_ENABLE_DEBUG_INFO = YES;
				ONLY_ACTIVE_ARCH = YES;
				SDKROOT = iphoneos;
			};
			name = Debug;
		};
		F2C375011A47C5AA00AFEFD0 /* Release */ = {
			isa = XCBuildConfiguration;
			buildSettings = {
				ALWAYS_SEARCH_USER_PATHS = NO;
				CLANG_CXX_LANGUAGE_STANDARD = "gnu++0x";
				CLANG_CXX_LIBRARY = "libc++";
				CLANG_ENABLE_MODULES = YES;
				CLANG_ENABLE_OBJC_ARC = YES;
				CLANG_WARN_BOOL_CONVERSION = YES;
				CLANG_WARN_CONSTANT_CONVERSION = YES;
				CLANG_WARN_DIRECT_OBJC_ISA_USAGE = YES_ERROR;
				CLANG_WARN_EMPTY_BODY = YES;
				CLANG_WARN_ENUM_CONVERSION = YES;
				CLANG_WARN_INT_CONVERSION = YES;
				CLANG_WARN_OBJC_ROOT_CLASS = YES_ERROR;
				CLANG_WARN_UNREACHABLE_CODE = YES;
				CLANG_WARN__DUPLICATE_METHOD_MATCH = YES;
				"CODE_SIGN_IDENTITY[sdk=iphoneos*]" = "iPhone Developer";
				COPY_PHASE_STRIP = YES;
				ENABLE_NS_ASSERTIONS = NO;
				ENABLE_STRICT_OBJC_MSGSEND = YES;
				GCC_C_LANGUAGE_STANDARD = gnu99;
				GCC_WARN_64_TO_32_BIT_CONVERSION = YES;
				GCC_WARN_ABOUT_RETURN_TYPE = YES_ERROR;
				GCC_WARN_UNDECLARED_SELECTOR = YES;
				GCC_WARN_UNINITIALIZED_AUTOS = YES_AGGRESSIVE;
				GCC_WARN_UNUSED_FUNCTION = YES;
				GCC_WARN_UNUSED_VARIABLE = YES;
				IPHONEOS_DEPLOYMENT_TARGET = 8.1;
				MTL_ENABLE_DEBUG_INFO = NO;
				SDKROOT = iphoneos;
				VALIDATE_PRODUCT = YES;
			};
			name = Release;
		};
		F2C375031A47C5AA00AFEFD0 /* Debug */ = {
			isa = XCBuildConfiguration;
			buildSettings = {
				ASSETCATALOG_COMPILER_APPICON_NAME = AppIcon;
				INFOPLIST_FILE = iOSEcoshion/Info.plist;
				LD_RUNPATH_SEARCH_PATHS = "$(inherited) @executable_path/Frameworks";
				PRODUCT_NAME = "$(TARGET_NAME)";
			};
			name = Debug;
		};
		F2C375041A47C5AA00AFEFD0 /* Release */ = {
			isa = XCBuildConfiguration;
			buildSettings = {
				ASSETCATALOG_COMPILER_APPICON_NAME = AppIcon;
				INFOPLIST_FILE = iOSEcoshion/Info.plist;
				LD_RUNPATH_SEARCH_PATHS = "$(inherited) @executable_path/Frameworks";
				PRODUCT_NAME = "$(TARGET_NAME)";
			};
			name = Release;
		};
		F2C375061A47C5AA00AFEFD0 /* Debug */ = {
			isa = XCBuildConfiguration;
			buildSettings = {
				BUNDLE_LOADER = "$(TEST_HOST)";
				FRAMEWORK_SEARCH_PATHS = (
					"$(SDKROOT)/Developer/Library/Frameworks",
					"$(inherited)",
				);
				GCC_PREPROCESSOR_DEFINITIONS = (
					"DEBUG=1",
					"$(inherited)",
				);
				INFOPLIST_FILE = iOSEcoshionTests/Info.plist;
				LD_RUNPATH_SEARCH_PATHS = "$(inherited) @executable_path/Frameworks @loader_path/Frameworks";
				PRODUCT_NAME = "$(TARGET_NAME)";
				TEST_HOST = "$(BUILT_PRODUCTS_DIR)/iOSEcoshion.app/iOSEcoshion";
			};
			name = Debug;
		};
		F2C375071A47C5AA00AFEFD0 /* Release */ = {
			isa = XCBuildConfiguration;
			buildSettings = {
				BUNDLE_LOADER = "$(TEST_HOST)";
				FRAMEWORK_SEARCH_PATHS = (
					"$(SDKROOT)/Developer/Library/Frameworks",
					"$(inherited)",
				);
				INFOPLIST_FILE = iOSEcoshionTests/Info.plist;
				LD_RUNPATH_SEARCH_PATHS = "$(inherited) @executable_path/Frameworks @loader_path/Frameworks";
				PRODUCT_NAME = "$(TARGET_NAME)";
				TEST_HOST = "$(BUILT_PRODUCTS_DIR)/iOSEcoshion.app/iOSEcoshion";
			};
			name = Release;
		};
/* End XCBuildConfiguration section */

/* Begin XCConfigurationList section */
		F2C374DA1A47C5A900AFEFD0 /* Build configuration list for PBXProject "iOSEcoshion" */ = {
			isa = XCConfigurationList;
			buildConfigurations = (
				F2C375001A47C5AA00AFEFD0 /* Debug */,
				F2C375011A47C5AA00AFEFD0 /* Release */,
			);
			defaultConfigurationIsVisible = 0;
			defaultConfigurationName = Release;
		};
		F2C375021A47C5AA00AFEFD0 /* Build configuration list for PBXNativeTarget "iOSEcoshion" */ = {
			isa = XCConfigurationList;
			buildConfigurations = (
				F2C375031A47C5AA00AFEFD0 /* Debug */,
				F2C375041A47C5AA00AFEFD0 /* Release */,
			);
			defaultConfigurationIsVisible = 0;
		};
		F2C375051A47C5AA00AFEFD0 /* Build configuration list for PBXNativeTarget "iOSEcoshionTests" */ = {
			isa = XCConfigurationList;
			buildConfigurations = (
				F2C375061A47C5AA00AFEFD0 /* Debug */,
				F2C375071A47C5AA00AFEFD0 /* Release */,
			);
			defaultConfigurationIsVisible = 0;
		};
/* End XCConfigurationList section */
	};
	rootObject = F2C374D71A47C5A900AFEFD0 /* Project object */;
}
