// !$*UTF8*$!
{
	archiveVersion = 1;
	classes = {
	};
	objectVersion = 46;
	objects = {

/* Begin PBXBuildFile section */
		D46DD69BAEC9D27C714BF035 /* libPods-iOSEcoshion.a in Frameworks */ = {isa = PBXBuildFile; fileRef = 91B83D7F47DAE13D217E70CC /* libPods-iOSEcoshion.a */; };
		F2C374E51A47C5A900AFEFD0 /* main.m in Sources */ = {isa = PBXBuildFile; fileRef = F2C374E41A47C5A900AFEFD0 /* main.m */; };
		F2C374E81A47C5AA00AFEFD0 /* AppDelegate.m in Sources */ = {isa = PBXBuildFile; fileRef = F2C374E71A47C5AA00AFEFD0 /* AppDelegate.m */; };
		F2C374EE1A47C5AA00AFEFD0 /* Main.storyboard in Resources */ = {isa = PBXBuildFile; fileRef = F2C374EC1A47C5AA00AFEFD0 /* Main.storyboard */; };
		F2C374F01A47C5AA00AFEFD0 /* Images.xcassets in Resources */ = {isa = PBXBuildFile; fileRef = F2C374EF1A47C5AA00AFEFD0 /* Images.xcassets */; };
		F2C374F31A47C5AA00AFEFD0 /* LaunchScreen.xib in Resources */ = {isa = PBXBuildFile; fileRef = F2C374F11A47C5AA00AFEFD0 /* LaunchScreen.xib */; };
		F2C374FF1A47C5AA00AFEFD0 /* iOSEcoshionTests.m in Sources */ = {isa = PBXBuildFile; fileRef = F2C374FE1A47C5AA00AFEFD0 /* iOSEcoshionTests.m */; };
		F2F71F171A480C2F0088B576 /* CAShapeLayer+Addition.m in Sources */ = {isa = PBXBuildFile; fileRef = F2F71EF61A480C2F0088B576 /* CAShapeLayer+Addition.m */; };
		F2F71F181A480C2F0088B576 /* NSDate+Addition.m in Sources */ = {isa = PBXBuildFile; fileRef = F2F71EF81A480C2F0088B576 /* NSDate+Addition.m */; };
		F2F71F191A480C2F0088B576 /* NSFileManager+ Addition.m in Sources */ = {isa = PBXBuildFile; fileRef = F2F71EF91A480C2F0088B576 /* NSFileManager+ Addition.m */; };
		F2F71F1A1A480C2F0088B576 /* NSString+Addition.m in Sources */ = {isa = PBXBuildFile; fileRef = F2F71EFC1A480C2F0088B576 /* NSString+Addition.m */; };
		F2F71F1B1A480C2F0088B576 /* NSString+MD5Addition.m in Sources */ = {isa = PBXBuildFile; fileRef = F2F71EFE1A480C2F0088B576 /* NSString+MD5Addition.m */; };
		F2F71F1C1A480C2F0088B576 /* NSString+Regular.m in Sources */ = {isa = PBXBuildFile; fileRef = F2F71F001A480C2F0088B576 /* NSString+Regular.m */; };
		F2F71F1D1A480C2F0088B576 /* NSString+Size.m in Sources */ = {isa = PBXBuildFile; fileRef = F2F71F021A480C2F0088B576 /* NSString+Size.m */; };
		F2F71F1E1A480C2F0088B576 /* UIApplication+NetworkActivityIndicator.m in Sources */ = {isa = PBXBuildFile; fileRef = F2F71F041A480C2F0088B576 /* UIApplication+NetworkActivityIndicator.m */; };
		F2F71F1F1A480C2F0088B576 /* UIColor+Addition.m in Sources */ = {isa = PBXBuildFile; fileRef = F2F71F061A480C2F0088B576 /* UIColor+Addition.m */; };
		F2F71F201A480C2F0088B576 /* UIImage+Addition.m in Sources */ = {isa = PBXBuildFile; fileRef = F2F71F081A480C2F0088B576 /* UIImage+Addition.m */; };
		F2F71F211A480C2F0088B576 /* UIImage+BlurEffect.m in Sources */ = {isa = PBXBuildFile; fileRef = F2F71F0A1A480C2F0088B576 /* UIImage+BlurEffect.m */; };
		F2F71F221A480C2F0088B576 /* UIImage+ImageWithColor.m in Sources */ = {isa = PBXBuildFile; fileRef = F2F71F0C1A480C2F0088B576 /* UIImage+ImageWithColor.m */; };
		F2F71F231A480C2F0088B576 /* UINavigationController+BarColorStyle.m in Sources */ = {isa = PBXBuildFile; fileRef = F2F71F0E1A480C2F0088B576 /* UINavigationController+BarColorStyle.m */; };
		F2F71F241A480C2F0088B576 /* UIView+Addition.m in Sources */ = {isa = PBXBuildFile; fileRef = F2F71F101A480C2F0088B576 /* UIView+Addition.m */; };
		F2F71F251A480C2F0088B576 /* UIView+Animation.m in Sources */ = {isa = PBXBuildFile; fileRef = F2F71F121A480C2F0088B576 /* UIView+Animation.m */; };
		F2F71F261A480C2F0088B576 /* UIView+Frame.m in Sources */ = {isa = PBXBuildFile; fileRef = F2F71F141A480C2F0088B576 /* UIView+Frame.m */; };
		F2F71F271A480C2F0088B576 /* UIViewController+Addition.m in Sources */ = {isa = PBXBuildFile; fileRef = F2F71F161A480C2F0088B576 /* UIViewController+Addition.m */; };
		F2F71F2A1A480D030088B576 /* OverlayView.m in Sources */ = {isa = PBXBuildFile; fileRef = F2F71F291A480D030088B576 /* OverlayView.m */; };
		F2F71F661A4903DF0088B576 /* Feed.storyboard in Resources */ = {isa = PBXBuildFile; fileRef = F2F71F651A4903DF0088B576 /* Feed.storyboard */; };
		F2F71F681A4903E80088B576 /* Shop.storyboard in Resources */ = {isa = PBXBuildFile; fileRef = F2F71F671A4903E80088B576 /* Shop.storyboard */; };
		F2F71F6A1A4903FC0088B576 /* Sell.storyboard in Resources */ = {isa = PBXBuildFile; fileRef = F2F71F691A4903FC0088B576 /* Sell.storyboard */; };
		F2F71F6C1A4904090088B576 /* News.storyboard in Resources */ = {isa = PBXBuildFile; fileRef = F2F71F6B1A4904090088B576 /* News.storyboard */; };
		F2F71F6E1A4904230088B576 /* Myself.storyboard in Resources */ = {isa = PBXBuildFile; fileRef = F2F71F6D1A4904230088B576 /* Myself.storyboard */; };
		F2F71F711A49049B0088B576 /* TemplateViewController.m in Sources */ = {isa = PBXBuildFile; fileRef = F2F71F701A49049B0088B576 /* TemplateViewController.m */; };
		F2F71F781A494CB10088B576 /* Login.storyboard in Resources */ = {isa = PBXBuildFile; fileRef = F2F71F771A494CB10088B576 /* Login.storyboard */; };
		F2F71F7B1A4AB3460088B576 /* AppearanceManager.m in Sources */ = {isa = PBXBuildFile; fileRef = F2F71F7A1A4AB3460088B576 /* AppearanceManager.m */; };
/* End PBXBuildFile section */

/* Begin PBXContainerItemProxy section */
		F2C374F91A47C5AA00AFEFD0 /* PBXContainerItemProxy */ = {
			isa = PBXContainerItemProxy;
			containerPortal = F2C374D71A47C5A900AFEFD0 /* Project object */;
			proxyType = 1;
			remoteGlobalIDString = F2C374DE1A47C5A900AFEFD0;
			remoteInfo = iOSEcoshion;
		};
/* End PBXContainerItemProxy section */

/* Begin PBXFileReference section */
		2E743538675D2A0AA084CBA4 /* Pods-iOSEcoshion.debug.xcconfig */ = {isa = PBXFileReference; includeInIndex = 1; lastKnownFileType = text.xcconfig; name = "Pods-iOSEcoshion.debug.xcconfig"; path = "Pods/Target Support Files/Pods-iOSEcoshion/Pods-iOSEcoshion.debug.xcconfig"; sourceTree = "<group>"; };
		7F0CF38ACF2E9A5BEA30B5D1 /* Pods-iOSEcoshion.release.xcconfig */ = {isa = PBXFileReference; includeInIndex = 1; lastKnownFileType = text.xcconfig; name = "Pods-iOSEcoshion.release.xcconfig"; path = "Pods/Target Support Files/Pods-iOSEcoshion/Pods-iOSEcoshion.release.xcconfig"; sourceTree = "<group>"; };
		91B83D7F47DAE13D217E70CC /* libPods-iOSEcoshion.a */ = {isa = PBXFileReference; explicitFileType = archive.ar; includeInIndex = 0; path = "libPods-iOSEcoshion.a"; sourceTree = BUILT_PRODUCTS_DIR; };
		F2C374DF1A47C5A900AFEFD0 /* iOSEcoshion.app */ = {isa = PBXFileReference; explicitFileType = wrapper.application; includeInIndex = 0; path = iOSEcoshion.app; sourceTree = BUILT_PRODUCTS_DIR; };
		F2C374E31A47C5A900AFEFD0 /* Info.plist */ = {isa = PBXFileReference; lastKnownFileType = text.plist.xml; path = Info.plist; sourceTree = "<group>"; };
		F2C374E41A47C5A900AFEFD0 /* main.m */ = {isa = PBXFileReference; lastKnownFileType = sourcecode.c.objc; path = main.m; sourceTree = "<group>"; };
		F2C374E61A47C5A900AFEFD0 /* AppDelegate.h */ = {isa = PBXFileReference; lastKnownFileType = sourcecode.c.h; path = AppDelegate.h; sourceTree = "<group>"; };
		F2C374E71A47C5AA00AFEFD0 /* AppDelegate.m */ = {isa = PBXFileReference; lastKnownFileType = sourcecode.c.objc; path = AppDelegate.m; sourceTree = "<group>"; };
		F2C374ED1A47C5AA00AFEFD0 /* Base */ = {isa = PBXFileReference; lastKnownFileType = file.storyboard; name = Base; path = Base.lproj/Main.storyboard; sourceTree = "<group>"; };
		F2C374EF1A47C5AA00AFEFD0 /* Images.xcassets */ = {isa = PBXFileReference; lastKnownFileType = folder.assetcatalog; path = Images.xcassets; sourceTree = "<group>"; };
		F2C374F21A47C5AA00AFEFD0 /* Base */ = {isa = PBXFileReference; lastKnownFileType = file.xib; name = Base; path = Base.lproj/LaunchScreen.xib; sourceTree = "<group>"; };
		F2C374F81A47C5AA00AFEFD0 /* iOSEcoshionTests.xctest */ = {isa = PBXFileReference; explicitFileType = wrapper.cfbundle; includeInIndex = 0; path = iOSEcoshionTests.xctest; sourceTree = BUILT_PRODUCTS_DIR; };
		F2C374FD1A47C5AA00AFEFD0 /* Info.plist */ = {isa = PBXFileReference; lastKnownFileType = text.plist.xml; path = Info.plist; sourceTree = "<group>"; };
		F2C374FE1A47C5AA00AFEFD0 /* iOSEcoshionTests.m */ = {isa = PBXFileReference; lastKnownFileType = sourcecode.c.objc; path = iOSEcoshionTests.m; sourceTree = "<group>"; };
		F2F71EF51A480C2F0088B576 /* CAShapeLayer+Addition.h */ = {isa = PBXFileReference; fileEncoding = 4; lastKnownFileType = sourcecode.c.h; path = "CAShapeLayer+Addition.h"; sourceTree = "<group>"; };
		F2F71EF61A480C2F0088B576 /* CAShapeLayer+Addition.m */ = {isa = PBXFileReference; fileEncoding = 4; lastKnownFileType = sourcecode.c.objc; path = "CAShapeLayer+Addition.m"; sourceTree = "<group>"; };
		F2F71EF71A480C2F0088B576 /* NSDate+Addition.h */ = {isa = PBXFileReference; fileEncoding = 4; lastKnownFileType = sourcecode.c.h; path = "NSDate+Addition.h"; sourceTree = "<group>"; };
		F2F71EF81A480C2F0088B576 /* NSDate+Addition.m */ = {isa = PBXFileReference; fileEncoding = 4; lastKnownFileType = sourcecode.c.objc; path = "NSDate+Addition.m"; sourceTree = "<group>"; };
		F2F71EF91A480C2F0088B576 /* NSFileManager+ Addition.m */ = {isa = PBXFileReference; fileEncoding = 4; lastKnownFileType = sourcecode.c.objc; path = "NSFileManager+ Addition.m"; sourceTree = "<group>"; };
		F2F71EFA1A480C2F0088B576 /* NSFileManager+Addition.h */ = {isa = PBXFileReference; fileEncoding = 4; lastKnownFileType = sourcecode.c.h; path = "NSFileManager+Addition.h"; sourceTree = "<group>"; };
		F2F71EFB1A480C2F0088B576 /* NSString+Addition.h */ = {isa = PBXFileReference; fileEncoding = 4; lastKnownFileType = sourcecode.c.h; path = "NSString+Addition.h"; sourceTree = "<group>"; };
		F2F71EFC1A480C2F0088B576 /* NSString+Addition.m */ = {isa = PBXFileReference; fileEncoding = 4; lastKnownFileType = sourcecode.c.objc; path = "NSString+Addition.m"; sourceTree = "<group>"; };
		F2F71EFD1A480C2F0088B576 /* NSString+MD5Addition.h */ = {isa = PBXFileReference; fileEncoding = 4; lastKnownFileType = sourcecode.c.h; path = "NSString+MD5Addition.h"; sourceTree = "<group>"; };
		F2F71EFE1A480C2F0088B576 /* NSString+MD5Addition.m */ = {isa = PBXFileReference; fileEncoding = 4; lastKnownFileType = sourcecode.c.objc; path = "NSString+MD5Addition.m"; sourceTree = "<group>"; };
		F2F71EFF1A480C2F0088B576 /* NSString+Regular.h */ = {isa = PBXFileReference; fileEncoding = 4; lastKnownFileType = sourcecode.c.h; path = "NSString+Regular.h"; sourceTree = "<group>"; };
		F2F71F001A480C2F0088B576 /* NSString+Regular.m */ = {isa = PBXFileReference; fileEncoding = 4; lastKnownFileType = sourcecode.c.objc; path = "NSString+Regular.m"; sourceTree = "<group>"; };
		F2F71F011A480C2F0088B576 /* NSString+Size.h */ = {isa = PBXFileReference; fileEncoding = 4; lastKnownFileType = sourcecode.c.h; path = "NSString+Size.h"; sourceTree = "<group>"; };
		F2F71F021A480C2F0088B576 /* NSString+Size.m */ = {isa = PBXFileReference; fileEncoding = 4; lastKnownFileType = sourcecode.c.objc; path = "NSString+Size.m"; sourceTree = "<group>"; };
		F2F71F031A480C2F0088B576 /* UIApplication+NetworkActivityIndicator.h */ = {isa = PBXFileReference; fileEncoding = 4; lastKnownFileType = sourcecode.c.h; path = "UIApplication+NetworkActivityIndicator.h"; sourceTree = "<group>"; };
		F2F71F041A480C2F0088B576 /* UIApplication+NetworkActivityIndicator.m */ = {isa = PBXFileReference; fileEncoding = 4; lastKnownFileType = sourcecode.c.objc; path = "UIApplication+NetworkActivityIndicator.m"; sourceTree = "<group>"; };
		F2F71F051A480C2F0088B576 /* UIColor+Addition.h */ = {isa = PBXFileReference; fileEncoding = 4; lastKnownFileType = sourcecode.c.h; path = "UIColor+Addition.h"; sourceTree = "<group>"; };
		F2F71F061A480C2F0088B576 /* UIColor+Addition.m */ = {isa = PBXFileReference; fileEncoding = 4; lastKnownFileType = sourcecode.c.objc; path = "UIColor+Addition.m"; sourceTree = "<group>"; };
		F2F71F071A480C2F0088B576 /* UIImage+Addition.h */ = {isa = PBXFileReference; fileEncoding = 4; lastKnownFileType = sourcecode.c.h; path = "UIImage+Addition.h"; sourceTree = "<group>"; };
		F2F71F081A480C2F0088B576 /* UIImage+Addition.m */ = {isa = PBXFileReference; fileEncoding = 4; lastKnownFileType = sourcecode.c.objc; path = "UIImage+Addition.m"; sourceTree = "<group>"; };
		F2F71F091A480C2F0088B576 /* UIImage+BlurEffect.h */ = {isa = PBXFileReference; fileEncoding = 4; lastKnownFileType = sourcecode.c.h; path = "UIImage+BlurEffect.h"; sourceTree = "<group>"; };
		F2F71F0A1A480C2F0088B576 /* UIImage+BlurEffect.m */ = {isa = PBXFileReference; fileEncoding = 4; lastKnownFileType = sourcecode.c.objc; path = "UIImage+BlurEffect.m"; sourceTree = "<group>"; };
		F2F71F0B1A480C2F0088B576 /* UIImage+ImageWithColor.h */ = {isa = PBXFileReference; fileEncoding = 4; lastKnownFileType = sourcecode.c.h; path = "UIImage+ImageWithColor.h"; sourceTree = "<group>"; };
		F2F71F0C1A480C2F0088B576 /* UIImage+ImageWithColor.m */ = {isa = PBXFileReference; fileEncoding = 4; lastKnownFileType = sourcecode.c.objc; path = "UIImage+ImageWithColor.m"; sourceTree = "<group>"; };
		F2F71F0D1A480C2F0088B576 /* UINavigationController+BarColorStyle.h */ = {isa = PBXFileReference; fileEncoding = 4; lastKnownFileType = sourcecode.c.h; path = "UINavigationController+BarColorStyle.h"; sourceTree = "<group>"; };
		F2F71F0E1A480C2F0088B576 /* UINavigationController+BarColorStyle.m */ = {isa = PBXFileReference; fileEncoding = 4; lastKnownFileType = sourcecode.c.objc; path = "UINavigationController+BarColorStyle.m"; sourceTree = "<group>"; };
		F2F71F0F1A480C2F0088B576 /* UIView+Addition.h */ = {isa = PBXFileReference; fileEncoding = 4; lastKnownFileType = sourcecode.c.h; path = "UIView+Addition.h"; sourceTree = "<group>"; };
		F2F71F101A480C2F0088B576 /* UIView+Addition.m */ = {isa = PBXFileReference; fileEncoding = 4; lastKnownFileType = sourcecode.c.objc; path = "UIView+Addition.m"; sourceTree = "<group>"; };
		F2F71F111A480C2F0088B576 /* UIView+Animation.h */ = {isa = PBXFileReference; fileEncoding = 4; lastKnownFileType = sourcecode.c.h; path = "UIView+Animation.h"; sourceTree = "<group>"; };
		F2F71F121A480C2F0088B576 /* UIView+Animation.m */ = {isa = PBXFileReference; fileEncoding = 4; lastKnownFileType = sourcecode.c.objc; path = "UIView+Animation.m"; sourceTree = "<group>"; };
		F2F71F131A480C2F0088B576 /* UIView+Frame.h */ = {isa = PBXFileReference; fileEncoding = 4; lastKnownFileType = sourcecode.c.h; path = "UIView+Frame.h"; sourceTree = "<group>"; };
		F2F71F141A480C2F0088B576 /* UIView+Frame.m */ = {isa = PBXFileReference; fileEncoding = 4; lastKnownFileType = sourcecode.c.objc; path = "UIView+Frame.m"; sourceTree = "<group>"; };
		F2F71F151A480C2F0088B576 /* UIViewController+Addition.h */ = {isa = PBXFileReference; fileEncoding = 4; lastKnownFileType = sourcecode.c.h; path = "UIViewController+Addition.h"; sourceTree = "<group>"; };
		F2F71F161A480C2F0088B576 /* UIViewController+Addition.m */ = {isa = PBXFileReference; fileEncoding = 4; lastKnownFileType = sourcecode.c.objc; path = "UIViewController+Addition.m"; sourceTree = "<group>"; };
		F2F71F281A480D030088B576 /* OverlayView.h */ = {isa = PBXFileReference; fileEncoding = 4; lastKnownFileType = sourcecode.c.h; path = OverlayView.h; sourceTree = "<group>"; };
		F2F71F291A480D030088B576 /* OverlayView.m */ = {isa = PBXFileReference; fileEncoding = 4; lastKnownFileType = sourcecode.c.objc; path = OverlayView.m; sourceTree = "<group>"; };
		F2F71F2C1A480ED80088B576 /* Macros.h */ = {isa = PBXFileReference; lastKnownFileType = sourcecode.c.h; path = Macros.h; sourceTree = "<group>"; };
		F2F71F2D1A480FE30088B576 /* iOSEcoshion-Prefix.pch */ = {isa = PBXFileReference; lastKnownFileType = sourcecode.c.h; path = "iOSEcoshion-Prefix.pch"; sourceTree = "<group>"; };
		F2F71F651A4903DF0088B576 /* Feed.storyboard */ = {isa = PBXFileReference; fileEncoding = 4; lastKnownFileType = file.storyboard; path = Feed.storyboard; sourceTree = "<group>"; };
		F2F71F671A4903E80088B576 /* Shop.storyboard */ = {isa = PBXFileReference; fileEncoding = 4; lastKnownFileType = file.storyboard; path = Shop.storyboard; sourceTree = "<group>"; };
		F2F71F691A4903FC0088B576 /* Sell.storyboard */ = {isa = PBXFileReference; fileEncoding = 4; lastKnownFileType = file.storyboard; path = Sell.storyboard; sourceTree = "<group>"; };
		F2F71F6B1A4904090088B576 /* News.storyboard */ = {isa = PBXFileReference; fileEncoding = 4; lastKnownFileType = file.storyboard; path = News.storyboard; sourceTree = "<group>"; };
		F2F71F6D1A4904230088B576 /* Myself.storyboard */ = {isa = PBXFileReference; fileEncoding = 4; lastKnownFileType = file.storyboard; path = Myself.storyboard; sourceTree = "<group>"; };
		F2F71F6F1A49049B0088B576 /* TemplateViewController.h */ = {isa = PBXFileReference; fileEncoding = 4; lastKnownFileType = sourcecode.c.h; path = TemplateViewController.h; sourceTree = "<group>"; };
		F2F71F701A49049B0088B576 /* TemplateViewController.m */ = {isa = PBXFileReference; fileEncoding = 4; lastKnownFileType = sourcecode.c.objc; path = TemplateViewController.m; sourceTree = "<group>"; };
		F2F71F771A494CB10088B576 /* Login.storyboard */ = {isa = PBXFileReference; fileEncoding = 4; lastKnownFileType = file.storyboard; path = Login.storyboard; sourceTree = "<group>"; };
		F2F71F791A4AB3460088B576 /* AppearanceManager.h */ = {isa = PBXFileReference; fileEncoding = 4; lastKnownFileType = sourcecode.c.h; path = AppearanceManager.h; sourceTree = "<group>"; };
		F2F71F7A1A4AB3460088B576 /* AppearanceManager.m */ = {isa = PBXFileReference; fileEncoding = 4; lastKnownFileType = sourcecode.c.objc; path = AppearanceManager.m; sourceTree = "<group>"; };
/* End PBXFileReference section */

/* Begin PBXFrameworksBuildPhase section */
		F2C374DC1A47C5A900AFEFD0 /* Frameworks */ = {
			isa = PBXFrameworksBuildPhase;
			buildActionMask = 2147483647;
			files = (
				D46DD69BAEC9D27C714BF035 /* libPods-iOSEcoshion.a in Frameworks */,
			);
			runOnlyForDeploymentPostprocessing = 0;
		};
		F2C374F51A47C5AA00AFEFD0 /* Frameworks */ = {
			isa = PBXFrameworksBuildPhase;
			buildActionMask = 2147483647;
			files = (
			);
			runOnlyForDeploymentPostprocessing = 0;
		};
/* End PBXFrameworksBuildPhase section */

/* Begin PBXGroup section */
		8998E4FF8C0E2CB9FAB31ADB /* Frameworks */ = {
			isa = PBXGroup;
			children = (
				91B83D7F47DAE13D217E70CC /* libPods-iOSEcoshion.a */,
			);
			name = Frameworks;
			sourceTree = "<group>";
		};
		DB3F93190480D1FEAFA140F6 /* Pods */ = {
			isa = PBXGroup;
			children = (
				2E743538675D2A0AA084CBA4 /* Pods-iOSEcoshion.debug.xcconfig */,
				7F0CF38ACF2E9A5BEA30B5D1 /* Pods-iOSEcoshion.release.xcconfig */,
			);
			name = Pods;
			sourceTree = "<group>";
		};
		F2C374D61A47C5A900AFEFD0 = {
			isa = PBXGroup;
			children = (
				F2C374E11A47C5A900AFEFD0 /* iOSEcoshion */,
				F2C374FB1A47C5AA00AFEFD0 /* iOSEcoshionTests */,
				F2C374E01A47C5A900AFEFD0 /* Products */,
				DB3F93190480D1FEAFA140F6 /* Pods */,
				8998E4FF8C0E2CB9FAB31ADB /* Frameworks */,
			);
			sourceTree = "<group>";
		};
		F2C374E01A47C5A900AFEFD0 /* Products */ = {
			isa = PBXGroup;
			children = (
				F2C374DF1A47C5A900AFEFD0 /* iOSEcoshion.app */,
				F2C374F81A47C5AA00AFEFD0 /* iOSEcoshionTests.xctest */,
			);
			name = Products;
			sourceTree = "<group>";
		};
		F2C374E11A47C5A900AFEFD0 /* iOSEcoshion */ = {
			isa = PBXGroup;
			children = (
				F2F71F641A4903190088B576 /* Storyboard */,
				F2F71F2B1A480DE20088B576 /* Utils */,
				F2F71EF21A47FF510088B576 /* Controller */,
				F2F71EF31A47FF510088B576 /* Model */,
				F2F71EF41A47FF510088B576 /* View */,
				F2F71EEE1A47FEE90088B576 /* Vendor */,
				F2F71EED1A47FED80088B576 /* Catagory */,
				F2C374E61A47C5A900AFEFD0 /* AppDelegate.h */,
				F2C374E71A47C5AA00AFEFD0 /* AppDelegate.m */,
				F2C374EF1A47C5AA00AFEFD0 /* Images.xcassets */,
				F2C374F11A47C5AA00AFEFD0 /* LaunchScreen.xib */,
				F2C374E21A47C5A900AFEFD0 /* Supporting Files */,
			);
			path = iOSEcoshion;
			sourceTree = "<group>";
		};
		F2C374E21A47C5A900AFEFD0 /* Supporting Files */ = {
			isa = PBXGroup;
			children = (
				F2C374E31A47C5A900AFEFD0 /* Info.plist */,
				F2C374E41A47C5A900AFEFD0 /* main.m */,
				F2F71F2D1A480FE30088B576 /* iOSEcoshion-Prefix.pch */,
			);
			name = "Supporting Files";
			sourceTree = "<group>";
		};
		F2C374FB1A47C5AA00AFEFD0 /* iOSEcoshionTests */ = {
			isa = PBXGroup;
			children = (
				F2C374FE1A47C5AA00AFEFD0 /* iOSEcoshionTests.m */,
				F2C374FC1A47C5AA00AFEFD0 /* Supporting Files */,
			);
			path = iOSEcoshionTests;
			sourceTree = "<group>";
		};
		F2C374FC1A47C5AA00AFEFD0 /* Supporting Files */ = {
			isa = PBXGroup;
			children = (
				F2C374FD1A47C5AA00AFEFD0 /* Info.plist */,
			);
			name = "Supporting Files";
			sourceTree = "<group>";
		};
		F2F71EED1A47FED80088B576 /* Catagory */ = {
			isa = PBXGroup;
			children = (
				F2F71EF51A480C2F0088B576 /* CAShapeLayer+Addition.h */,
				F2F71EF61A480C2F0088B576 /* CAShapeLayer+Addition.m */,
				F2F71EF71A480C2F0088B576 /* NSDate+Addition.h */,
				F2F71EF81A480C2F0088B576 /* NSDate+Addition.m */,
				F2F71EF91A480C2F0088B576 /* NSFileManager+ Addition.m */,
				F2F71EFA1A480C2F0088B576 /* NSFileManager+Addition.h */,
				F2F71EFB1A480C2F0088B576 /* NSString+Addition.h */,
				F2F71EFC1A480C2F0088B576 /* NSString+Addition.m */,
				F2F71EFD1A480C2F0088B576 /* NSString+MD5Addition.h */,
				F2F71EFE1A480C2F0088B576 /* NSString+MD5Addition.m */,
				F2F71EFF1A480C2F0088B576 /* NSString+Regular.h */,
				F2F71F001A480C2F0088B576 /* NSString+Regular.m */,
				F2F71F011A480C2F0088B576 /* NSString+Size.h */,
				F2F71F021A480C2F0088B576 /* NSString+Size.m */,
				F2F71F031A480C2F0088B576 /* UIApplication+NetworkActivityIndicator.h */,
				F2F71F041A480C2F0088B576 /* UIApplication+NetworkActivityIndicator.m */,
				F2F71F051A480C2F0088B576 /* UIColor+Addition.h */,
				F2F71F061A480C2F0088B576 /* UIColor+Addition.m */,
				F2F71F071A480C2F0088B576 /* UIImage+Addition.h */,
				F2F71F081A480C2F0088B576 /* UIImage+Addition.m */,
				F2F71F091A480C2F0088B576 /* UIImage+BlurEffect.h */,
				F2F71F0A1A480C2F0088B576 /* UIImage+BlurEffect.m */,
				F2F71F0B1A480C2F0088B576 /* UIImage+ImageWithColor.h */,
				F2F71F0C1A480C2F0088B576 /* UIImage+ImageWithColor.m */,
				F2F71F0D1A480C2F0088B576 /* UINavigationController+BarColorStyle.h */,
				F2F71F0E1A480C2F0088B576 /* UINavigationController+BarColorStyle.m */,
				F2F71F0F1A480C2F0088B576 /* UIView+Addition.h */,
				F2F71F101A480C2F0088B576 /* UIView+Addition.m */,
				F2F71F111A480C2F0088B576 /* UIView+Animation.h */,
				F2F71F121A480C2F0088B576 /* UIView+Animation.m */,
				F2F71F131A480C2F0088B576 /* UIView+Frame.h */,
				F2F71F141A480C2F0088B576 /* UIView+Frame.m */,
				F2F71F151A480C2F0088B576 /* UIViewController+Addition.h */,
				F2F71F161A480C2F0088B576 /* UIViewController+Addition.m */,
			);
			path = Catagory;
			sourceTree = "<group>";
		};
		F2F71EEE1A47FEE90088B576 /* Vendor */ = {
			isa = PBXGroup;
			children = (
			);
			path = Vendor;
			sourceTree = "<group>";
		};
		F2F71EF21A47FF510088B576 /* Controller */ = {
			isa = PBXGroup;
			children = (
				F2F71F6F1A49049B0088B576 /* TemplateViewController.h */,
				F2F71F701A49049B0088B576 /* TemplateViewController.m */,
				F2F71F721A4920810088B576 /* Feed */,
				F2F71F731A4920810088B576 /* Myself */,
				F2F71F741A4920810088B576 /* News */,
				F2F71F751A4920810088B576 /* Sell */,
				F2F71F761A4920810088B576 /* Shop */,
			);
			path = Controller;
			sourceTree = "<group>";
		};
		F2F71EF31A47FF510088B576 /* Model */ = {
			isa = PBXGroup;
			children = (
			);
			path = Model;
			sourceTree = "<group>";
		};
		F2F71EF41A47FF510088B576 /* View */ = {
			isa = PBXGroup;
			children = (
				F2F71F281A480D030088B576 /* OverlayView.h */,
				F2F71F291A480D030088B576 /* OverlayView.m */,
			);
			path = View;
			sourceTree = "<group>";
		};
		F2F71F2B1A480DE20088B576 /* Utils */ = {
			isa = PBXGroup;
			children = (
				F2F71F2C1A480ED80088B576 /* Macros.h */,
				F2F71F791A4AB3460088B576 /* AppearanceManager.h */,
				F2F71F7A1A4AB3460088B576 /* AppearanceManager.m */,
			);
			path = Utils;
			sourceTree = "<group>";
		};
		F2F71F641A4903190088B576 /* Storyboard */ = {
			isa = PBXGroup;
			children = (
				F2C374EC1A47C5AA00AFEFD0 /* Main.storyboard */,
				F2F71F651A4903DF0088B576 /* Feed.storyboard */,
				F2F71F671A4903E80088B576 /* Shop.storyboard */,
				F2F71F691A4903FC0088B576 /* Sell.storyboard */,
				F2F71F6B1A4904090088B576 /* News.storyboard */,
				F2F71F6D1A4904230088B576 /* Myself.storyboard */,
				F2F71F771A494CB10088B576 /* Login.storyboard */,
			);
			path = Storyboard;
			sourceTree = "<group>";
		};
		F2F71F721A4920810088B576 /* Feed */ = {
			isa = PBXGroup;
			children = (
			);
			path = Feed;
			sourceTree = "<group>";
		};
		F2F71F731A4920810088B576 /* Myself */ = {
			isa = PBXGroup;
			children = (
			);
			path = Myself;
			sourceTree = "<group>";
		};
		F2F71F741A4920810088B576 /* News */ = {
			isa = PBXGroup;
			children = (
			);
			path = News;
			sourceTree = "<group>";
		};
		F2F71F751A4920810088B576 /* Sell */ = {
			isa = PBXGroup;
			children = (
			);
			path = Sell;
			sourceTree = "<group>";
		};
		F2F71F761A4920810088B576 /* Shop */ = {
			isa = PBXGroup;
			children = (
			);
			path = Shop;
			sourceTree = "<group>";
		};
/* End PBXGroup section */

/* Begin PBXNativeTarget section */
		F2C374DE1A47C5A900AFEFD0 /* iOSEcoshion */ = {
			isa = PBXNativeTarget;
			buildConfigurationList = F2C375021A47C5AA00AFEFD0 /* Build configuration list for PBXNativeTarget "iOSEcoshion" */;
			buildPhases = (
				94742CA40C381B0B9F5E4219 /* Check Pods Manifest.lock */,
				F2C374DB1A47C5A900AFEFD0 /* Sources */,
				F2C374DC1A47C5A900AFEFD0 /* Frameworks */,
				F2C374DD1A47C5A900AFEFD0 /* Resources */,
				F3FA158E6E64245EE00EFF17 /* Copy Pods Resources */,
			);
			buildRules = (
			);
			dependencies = (
			);
			name = iOSEcoshion;
			productName = iOSEcoshion;
			productReference = F2C374DF1A47C5A900AFEFD0 /* iOSEcoshion.app */;
			productType = "com.apple.product-type.application";
		};
		F2C374F71A47C5AA00AFEFD0 /* iOSEcoshionTests */ = {
			isa = PBXNativeTarget;
			buildConfigurationList = F2C375051A47C5AA00AFEFD0 /* Build configuration list for PBXNativeTarget "iOSEcoshionTests" */;
			buildPhases = (
				F2C374F41A47C5AA00AFEFD0 /* Sources */,
				F2C374F51A47C5AA00AFEFD0 /* Frameworks */,
				F2C374F61A47C5AA00AFEFD0 /* Resources */,
			);
			buildRules = (
			);
			dependencies = (
				F2C374FA1A47C5AA00AFEFD0 /* PBXTargetDependency */,
			);
			name = iOSEcoshionTests;
			productName = iOSEcoshionTests;
			productReference = F2C374F81A47C5AA00AFEFD0 /* iOSEcoshionTests.xctest */;
			productType = "com.apple.product-type.bundle.unit-test";
		};
/* End PBXNativeTarget section */

/* Begin PBXProject section */
		F2C374D71A47C5A900AFEFD0 /* Project object */ = {
			isa = PBXProject;
			attributes = {
				LastUpgradeCheck = 0610;
				ORGANIZATIONNAME = ChaseFuture;
				TargetAttributes = {
					F2C374DE1A47C5A900AFEFD0 = {
						CreatedOnToolsVersion = 6.1;
					};
					F2C374F71A47C5AA00AFEFD0 = {
						CreatedOnToolsVersion = 6.1;
						TestTargetID = F2C374DE1A47C5A900AFEFD0;
					};
				};
			};
			buildConfigurationList = F2C374DA1A47C5A900AFEFD0 /* Build configuration list for PBXProject "iOSEcoshion" */;
			compatibilityVersion = "Xcode 3.2";
			developmentRegion = English;
			hasScannedForEncodings = 0;
			knownRegions = (
				en,
				Base,
			);
			mainGroup = F2C374D61A47C5A900AFEFD0;
			productRefGroup = F2C374E01A47C5A900AFEFD0 /* Products */;
			projectDirPath = "";
			projectRoot = "";
			targets = (
				F2C374DE1A47C5A900AFEFD0 /* iOSEcoshion */,
				F2C374F71A47C5AA00AFEFD0 /* iOSEcoshionTests */,
			);
		};
/* End PBXProject section */

/* Begin PBXResourcesBuildPhase section */
		F2C374DD1A47C5A900AFEFD0 /* Resources */ = {
			isa = PBXResourcesBuildPhase;
			buildActionMask = 2147483647;
			files = (
				F2F71F6E1A4904230088B576 /* Myself.storyboard in Resources */,
				F2C374EE1A47C5AA00AFEFD0 /* Main.storyboard in Resources */,
				F2F71F681A4903E80088B576 /* Shop.storyboard in Resources */,
				F2F71F6A1A4903FC0088B576 /* Sell.storyboard in Resources */,
				F2C374F31A47C5AA00AFEFD0 /* LaunchScreen.xib in Resources */,
				F2F71F6C1A4904090088B576 /* News.storyboard in Resources */,
				F2F71F661A4903DF0088B576 /* Feed.storyboard in Resources */,
				F2C374F01A47C5AA00AFEFD0 /* Images.xcassets in Resources */,
				F2F71F781A494CB10088B576 /* Login.storyboard in Resources */,
			);
			runOnlyForDeploymentPostprocessing = 0;
		};
		F2C374F61A47C5AA00AFEFD0 /* Resources */ = {
			isa = PBXResourcesBuildPhase;
			buildActionMask = 2147483647;
			files = (
			);
			runOnlyForDeploymentPostprocessing = 0;
		};
/* End PBXResourcesBuildPhase section */

/* Begin PBXShellScriptBuildPhase section */
		94742CA40C381B0B9F5E4219 /* Check Pods Manifest.lock */ = {
			isa = PBXShellScriptBuildPhase;
			buildActionMask = 2147483647;
			files = (
			);
			inputPaths = (
			);
			name = "Check Pods Manifest.lock";
			outputPaths = (
			);
			runOnlyForDeploymentPostprocessing = 0;
			shellPath = /bin/sh;
			shellScript = "diff \"${PODS_ROOT}/../Podfile.lock\" \"${PODS_ROOT}/Manifest.lock\" > /dev/null\nif [[ $? != 0 ]] ; then\n    cat << EOM\nerror: The sandbox is not in sync with the Podfile.lock. Run 'pod install' or update your CocoaPods installation.\nEOM\n    exit 1\nfi\n";
			showEnvVarsInLog = 0;
		};
		F3FA158E6E64245EE00EFF17 /* Copy Pods Resources */ = {
			isa = PBXShellScriptBuildPhase;
			buildActionMask = 2147483647;
			files = (
			);
			inputPaths = (
			);
			name = "Copy Pods Resources";
			outputPaths = (
			);
			runOnlyForDeploymentPostprocessing = 0;
			shellPath = /bin/sh;
			shellScript = "\"${SRCROOT}/Pods/Target Support Files/Pods-iOSEcoshion/Pods-iOSEcoshion-resources.sh\"\n";
			showEnvVarsInLog = 0;
		};
/* End PBXShellScriptBuildPhase section */

/* Begin PBXSourcesBuildPhase section */
		F2C374DB1A47C5A900AFEFD0 /* Sources */ = {
			isa = PBXSourcesBuildPhase;
			buildActionMask = 2147483647;
			files = (
				F2F71F241A480C2F0088B576 /* UIView+Addition.m in Sources */,
				F2F71F7B1A4AB3460088B576 /* AppearanceManager.m in Sources */,
				F2F71F181A480C2F0088B576 /* NSDate+Addition.m in Sources */,
				F2F71F1E1A480C2F0088B576 /* UIApplication+NetworkActivityIndicator.m in Sources */,
				F2F71F251A480C2F0088B576 /* UIView+Animation.m in Sources */,
				F2F71F201A480C2F0088B576 /* UIImage+Addition.m in Sources */,
				F2F71F231A480C2F0088B576 /* UINavigationController+BarColorStyle.m in Sources */,
				F2F71F1C1A480C2F0088B576 /* NSString+Regular.m in Sources */,
				F2F71F711A49049B0088B576 /* TemplateViewController.m in Sources */,
				F2F71F1A1A480C2F0088B576 /* NSString+Addition.m in Sources */,
				F2F71F1D1A480C2F0088B576 /* NSString+Size.m in Sources */,
				F2F71F261A480C2F0088B576 /* UIView+Frame.m in Sources */,
				F2F71F211A480C2F0088B576 /* UIImage+BlurEffect.m in Sources */,
				F2C374E81A47C5AA00AFEFD0 /* AppDelegate.m in Sources */,
				F2C374E51A47C5A900AFEFD0 /* main.m in Sources */,
				F2F71F221A480C2F0088B576 /* UIImage+ImageWithColor.m in Sources */,
				F2F71F171A480C2F0088B576 /* CAShapeLayer+Addition.m in Sources */,
				F2F71F2A1A480D030088B576 /* OverlayView.m in Sources */,
				F2F71F1F1A480C2F0088B576 /* UIColor+Addition.m in Sources */,
				F2F71F1B1A480C2F0088B576 /* NSString+MD5Addition.m in Sources */,
				F2F71F271A480C2F0088B576 /* UIViewController+Addition.m in Sources */,
				F2F71F191A480C2F0088B576 /* NSFileManager+ Addition.m in Sources */,
			);
			runOnlyForDeploymentPostprocessing = 0;
		};
		F2C374F41A47C5AA00AFEFD0 /* Sources */ = {
			isa = PBXSourcesBuildPhase;
			buildActionMask = 2147483647;
			files = (
				F2C374FF1A47C5AA00AFEFD0 /* iOSEcoshionTests.m in Sources */,
			);
			runOnlyForDeploymentPostprocessing = 0;
		};
/* End PBXSourcesBuildPhase section */

/* Begin PBXTargetDependency section */
		F2C374FA1A47C5AA00AFEFD0 /* PBXTargetDependency */ = {
			isa = PBXTargetDependency;
			target = F2C374DE1A47C5A900AFEFD0 /* iOSEcoshion */;
			targetProxy = F2C374F91A47C5AA00AFEFD0 /* PBXContainerItemProxy */;
		};
/* End PBXTargetDependency section */

/* Begin PBXVariantGroup section */
		F2C374EC1A47C5AA00AFEFD0 /* Main.storyboard */ = {
			isa = PBXVariantGroup;
			children = (
				F2C374ED1A47C5AA00AFEFD0 /* Base */,
			);
			name = Main.storyboard;
			path = ..;
			sourceTree = "<group>";
		};
		F2C374F11A47C5AA00AFEFD0 /* LaunchScreen.xib */ = {
			isa = PBXVariantGroup;
			children = (
				F2C374F21A47C5AA00AFEFD0 /* Base */,
			);
			name = LaunchScreen.xib;
			sourceTree = "<group>";
		};
/* End PBXVariantGroup section */

/* Begin XCBuildConfiguration section */
		F2C375001A47C5AA00AFEFD0 /* Debug */ = {
			isa = XCBuildConfiguration;
			buildSettings = {
				ALWAYS_SEARCH_USER_PATHS = NO;
				CLANG_CXX_LANGUAGE_STANDARD = "gnu++0x";
				CLANG_CXX_LIBRARY = "libc++";
				CLANG_ENABLE_MODULES = YES;
				CLANG_ENABLE_OBJC_ARC = YES;
				CLANG_WARN_BOOL_CONVERSION = YES;
				CLANG_WARN_CONSTANT_CONVERSION = YES;
				CLANG_WARN_DIRECT_OBJC_ISA_USAGE = YES_ERROR;
				CLANG_WARN_EMPTY_BODY = YES;
				CLANG_WARN_ENUM_CONVERSION = YES;
				CLANG_WARN_INT_CONVERSION = YES;
				CLANG_WARN_OBJC_ROOT_CLASS = YES_ERROR;
				CLANG_WARN_UNREACHABLE_CODE = YES;
				CLANG_WARN__DUPLICATE_METHOD_MATCH = YES;
				"CODE_SIGN_IDENTITY[sdk=iphoneos*]" = "iPhone Developer";
				COPY_PHASE_STRIP = NO;
				ENABLE_STRICT_OBJC_MSGSEND = YES;
				GCC_C_LANGUAGE_STANDARD = gnu99;
				GCC_DYNAMIC_NO_PIC = NO;
				GCC_OPTIMIZATION_LEVEL = 0;
				GCC_PREPROCESSOR_DEFINITIONS = (
					"DEBUG=1",
					"$(inherited)",
				);
				GCC_SYMBOLS_PRIVATE_EXTERN = NO;
				GCC_WARN_64_TO_32_BIT_CONVERSION = YES;
				GCC_WARN_ABOUT_RETURN_TYPE = YES_ERROR;
				GCC_WARN_UNDECLARED_SELECTOR = YES;
				GCC_WARN_UNINITIALIZED_AUTOS = YES_AGGRESSIVE;
				GCC_WARN_UNUSED_FUNCTION = YES;
				GCC_WARN_UNUSED_VARIABLE = YES;
				IPHONEOS_DEPLOYMENT_TARGET = 8.1;
				MTL_ENABLE_DEBUG_INFO = YES;
				ONLY_ACTIVE_ARCH = YES;
				SDKROOT = iphoneos;
			};
			name = Debug;
		};
		F2C375011A47C5AA00AFEFD0 /* Release */ = {
			isa = XCBuildConfiguration;
			buildSettings = {
				ALWAYS_SEARCH_USER_PATHS = NO;
				CLANG_CXX_LANGUAGE_STANDARD = "gnu++0x";
				CLANG_CXX_LIBRARY = "libc++";
				CLANG_ENABLE_MODULES = YES;
				CLANG_ENABLE_OBJC_ARC = YES;
				CLANG_WARN_BOOL_CONVERSION = YES;
				CLANG_WARN_CONSTANT_CONVERSION = YES;
				CLANG_WARN_DIRECT_OBJC_ISA_USAGE = YES_ERROR;
				CLANG_WARN_EMPTY_BODY = YES;
				CLANG_WARN_ENUM_CONVERSION = YES;
				CLANG_WARN_INT_CONVERSION = YES;
				CLANG_WARN_OBJC_ROOT_CLASS = YES_ERROR;
				CLANG_WARN_UNREACHABLE_CODE = YES;
				CLANG_WARN__DUPLICATE_METHOD_MATCH = YES;
				"CODE_SIGN_IDENTITY[sdk=iphoneos*]" = "iPhone Developer";
				COPY_PHASE_STRIP = YES;
				ENABLE_NS_ASSERTIONS = NO;
				ENABLE_STRICT_OBJC_MSGSEND = YES;
				GCC_C_LANGUAGE_STANDARD = gnu99;
				GCC_WARN_64_TO_32_BIT_CONVERSION = YES;
				GCC_WARN_ABOUT_RETURN_TYPE = YES_ERROR;
				GCC_WARN_UNDECLARED_SELECTOR = YES;
				GCC_WARN_UNINITIALIZED_AUTOS = YES_AGGRESSIVE;
				GCC_WARN_UNUSED_FUNCTION = YES;
				GCC_WARN_UNUSED_VARIABLE = YES;
				IPHONEOS_DEPLOYMENT_TARGET = 8.1;
				MTL_ENABLE_DEBUG_INFO = NO;
				SDKROOT = iphoneos;
				VALIDATE_PRODUCT = YES;
			};
			name = Release;
		};
		F2C375031A47C5AA00AFEFD0 /* Debug */ = {
			isa = XCBuildConfiguration;
			baseConfigurationReference = 2E743538675D2A0AA084CBA4 /* Pods-iOSEcoshion.debug.xcconfig */;
			buildSettings = {
				ASSETCATALOG_COMPILER_APPICON_NAME = AppIcon;
				GCC_PRECOMPILE_PREFIX_HEADER = YES;
				GCC_PREFIX_HEADER = "iOSEcoshion/iOSEcoshion-Prefix.pch";
				INFOPLIST_FILE = iOSEcoshion/Info.plist;
				IPHONEOS_DEPLOYMENT_TARGET = 7.0;
				LD_RUNPATH_SEARCH_PATHS = "$(inherited) @executable_path/Frameworks";
				PRODUCT_NAME = "$(TARGET_NAME)";
			};
			name = Debug;
		};
		F2C375041A47C5AA00AFEFD0 /* Release */ = {
			isa = XCBuildConfiguration;
			baseConfigurationReference = 7F0CF38ACF2E9A5BEA30B5D1 /* Pods-iOSEcoshion.release.xcconfig */;
			buildSettings = {
				ASSETCATALOG_COMPILER_APPICON_NAME = AppIcon;
				GCC_PRECOMPILE_PREFIX_HEADER = YES;
				GCC_PREFIX_HEADER = "iOSEcoshion/iOSEcoshion-Prefix.pch";
				INFOPLIST_FILE = iOSEcoshion/Info.plist;
				IPHONEOS_DEPLOYMENT_TARGET = 7.0;
				LD_RUNPATH_SEARCH_PATHS = "$(inherited) @executable_path/Frameworks";
				PRODUCT_NAME = "$(TARGET_NAME)";
			};
			name = Release;
		};
		F2C375061A47C5AA00AFEFD0 /* Debug */ = {
			isa = XCBuildConfiguration;
			buildSettings = {
				BUNDLE_LOADER = "$(TEST_HOST)";
				FRAMEWORK_SEARCH_PATHS = (
					"$(SDKROOT)/Developer/Library/Frameworks",
					"$(inherited)",
				);
				GCC_PREPROCESSOR_DEFINITIONS = (
					"DEBUG=1",
					"$(inherited)",
				);
				INFOPLIST_FILE = iOSEcoshionTests/Info.plist;
				LD_RUNPATH_SEARCH_PATHS = "$(inherited) @executable_path/Frameworks @loader_path/Frameworks";
				PRODUCT_NAME = "$(TARGET_NAME)";
				TEST_HOST = "$(BUILT_PRODUCTS_DIR)/iOSEcoshion.app/iOSEcoshion";
			};
			name = Debug;
		};
		F2C375071A47C5AA00AFEFD0 /* Release */ = {
			isa = XCBuildConfiguration;
			buildSettings = {
				BUNDLE_LOADER = "$(TEST_HOST)";
				FRAMEWORK_SEARCH_PATHS = (
					"$(SDKROOT)/Developer/Library/Frameworks",
					"$(inherited)",
				);
				INFOPLIST_FILE = iOSEcoshionTests/Info.plist;
				LD_RUNPATH_SEARCH_PATHS = "$(inherited) @executable_path/Frameworks @loader_path/Frameworks";
				PRODUCT_NAME = "$(TARGET_NAME)";
				TEST_HOST = "$(BUILT_PRODUCTS_DIR)/iOSEcoshion.app/iOSEcoshion";
			};
			name = Release;
		};
/* End XCBuildConfiguration section */

/* Begin XCConfigurationList section */
		F2C374DA1A47C5A900AFEFD0 /* Build configuration list for PBXProject "iOSEcoshion" */ = {
			isa = XCConfigurationList;
			buildConfigurations = (
				F2C375001A47C5AA00AFEFD0 /* Debug */,
				F2C375011A47C5AA00AFEFD0 /* Release */,
			);
			defaultConfigurationIsVisible = 0;
			defaultConfigurationName = Release;
		};
		F2C375021A47C5AA00AFEFD0 /* Build configuration list for PBXNativeTarget "iOSEcoshion" */ = {
			isa = XCConfigurationList;
			buildConfigurations = (
				F2C375031A47C5AA00AFEFD0 /* Debug */,
				F2C375041A47C5AA00AFEFD0 /* Release */,
			);
			defaultConfigurationIsVisible = 0;
			defaultConfigurationName = Release;
		};
		F2C375051A47C5AA00AFEFD0 /* Build configuration list for PBXNativeTarget "iOSEcoshionTests" */ = {
			isa = XCConfigurationList;
			buildConfigurations = (
				F2C375061A47C5AA00AFEFD0 /* Debug */,
				F2C375071A47C5AA00AFEFD0 /* Release */,
			);
			defaultConfigurationIsVisible = 0;
			defaultConfigurationName = Release;
		};
/* End XCConfigurationList section */
	};
	rootObject = F2C374D71A47C5A900AFEFD0 /* Project object */;
}
